// !$*UTF8*$!
{
	archiveVersion = 1;
	classes = {
	};
	objectVersion = 56;
	objects = {

/* Begin PBXBuildFile section */
		8440829F2BC5841300E222DE /* SocialcademyApp.swift in Sources */ = {isa = PBXBuildFile; fileRef = 8440829E2BC5841300E222DE /* SocialcademyApp.swift */; };
		844082A32BC5841400E222DE /* Assets.xcassets in Resources */ = {isa = PBXBuildFile; fileRef = 844082A22BC5841400E222DE /* Assets.xcassets */; };
		844082A62BC5841400E222DE /* Preview Assets.xcassets in Resources */ = {isa = PBXBuildFile; fileRef = 844082A52BC5841400E222DE /* Preview Assets.xcassets */; };
		844082AE2BC5862100E222DE /* FirebaseAnalytics in Frameworks */ = {isa = PBXBuildFile; productRef = 844082AD2BC5862100E222DE /* FirebaseAnalytics */; };
		844082B02BC5862100E222DE /* FirebaseFirestore in Frameworks */ = {isa = PBXBuildFile; productRef = 844082AF2BC5862100E222DE /* FirebaseFirestore */; };
		844082B22BC5862100E222DE /* FirebaseFirestoreSwift in Frameworks */ = {isa = PBXBuildFile; productRef = 844082B12BC5862100E222DE /* FirebaseFirestoreSwift */; };
		844082B42BC5888F00E222DE /* GoogleService-Info.plist in Resources */ = {isa = PBXBuildFile; fileRef = 844082B32BC5888F00E222DE /* GoogleService-Info.plist */; };
		844082B92BC58AD800E222DE /* Post.swift in Sources */ = {isa = PBXBuildFile; fileRef = 844082B82BC58AD800E222DE /* Post.swift */; };
		844082BB2BC58C7100E222DE /* PostsList.swift in Sources */ = {isa = PBXBuildFile; fileRef = 844082BA2BC58C7100E222DE /* PostsList.swift */; };
		844082BD2BC58E2B00E222DE /* PostRow.swift in Sources */ = {isa = PBXBuildFile; fileRef = 844082BC2BC58E2B00E222DE /* PostRow.swift */; };
		846E97EC2BC835AA0056413A /* Alert+Error.swift in Sources */ = {isa = PBXBuildFile; fileRef = 846E97EB2BC835AA0056413A /* Alert+Error.swift */; };
		846E97EE2BC8440B0056413A /* PostRowViewModel.swift in Sources */ = {isa = PBXBuildFile; fileRef = 846E97ED2BC8440B0056413A /* PostRowViewModel.swift */; };
		846E97F02BC855950056413A /* MainTabView.swift in Sources */ = {isa = PBXBuildFile; fileRef = 846E97EF2BC855950056413A /* MainTabView.swift */; };
		84988EB52BCBCC8400C003D6 /* FirebaseAuth in Frameworks */ = {isa = PBXBuildFile; productRef = 84988EB42BCBCC8400C003D6 /* FirebaseAuth */; };
		84988EB82BCBCE4B00C003D6 /* AuthService.swift in Sources */ = {isa = PBXBuildFile; fileRef = 84988EB72BCBCE4B00C003D6 /* AuthService.swift */; };
		84988EBA2BCBD1D900C003D6 /* AuthViewModel.swift in Sources */ = {isa = PBXBuildFile; fileRef = 84988EB92BCBD1D900C003D6 /* AuthViewModel.swift */; };
		84988EBC2BCBD4F500C003D6 /* AuthView.swift in Sources */ = {isa = PBXBuildFile; fileRef = 84988EBB2BCBD4F500C003D6 /* AuthView.swift */; };
		84988EBE2BCBDF1800C003D6 /* ProfileView.swift in Sources */ = {isa = PBXBuildFile; fileRef = 84988EBD2BCBDF1800C003D6 /* ProfileView.swift */; };
		84988EC02BCBE58700C003D6 /* FormViewModel.swift in Sources */ = {isa = PBXBuildFile; fileRef = 84988EBF2BCBE58700C003D6 /* FormViewModel.swift */; };
		84988EC82BCC1DB500C003D6 /* PrimaryButtonStyle.swift in Sources */ = {isa = PBXBuildFile; fileRef = 84988EC72BCC1DB500C003D6 /* PrimaryButtonStyle.swift */; };
		84DD5D8E2BC6912B000A0669 /* NewPostForm.swift in Sources */ = {isa = PBXBuildFile; fileRef = 84DD5D8D2BC6912B000A0669 /* NewPostForm.swift */; };
		84DD5D912BC6ACCB000A0669 /* PostsViewModel.swift in Sources */ = {isa = PBXBuildFile; fileRef = 84DD5D902BC6ACCB000A0669 /* PostsViewModel.swift */; };
		84DD5D942BC6B41A000A0669 /* PostsRepository.swift in Sources */ = {isa = PBXBuildFile; fileRef = 84DD5D932BC6B41A000A0669 /* PostsRepository.swift */; };
		84DD5D972BC6D34B000A0669 /* Loadable.swift in Sources */ = {isa = PBXBuildFile; fileRef = 84DD5D962BC6D34B000A0669 /* Loadable.swift */; };
		84DD5D9A2BC6DB7C000A0669 /* EmptyListView.swift in Sources */ = {isa = PBXBuildFile; fileRef = 84DD5D992BC6DB7C000A0669 /* EmptyListView.swift */; };
/* End PBXBuildFile section */

/* Begin PBXFileReference section */
		8440829B2BC5841300E222DE /* Socialcademy.app */ = {isa = PBXFileReference; explicitFileType = wrapper.application; includeInIndex = 0; path = Socialcademy.app; sourceTree = BUILT_PRODUCTS_DIR; };
		8440829E2BC5841300E222DE /* SocialcademyApp.swift */ = {isa = PBXFileReference; lastKnownFileType = sourcecode.swift; path = SocialcademyApp.swift; sourceTree = "<group>"; };
		844082A22BC5841400E222DE /* Assets.xcassets */ = {isa = PBXFileReference; lastKnownFileType = folder.assetcatalog; path = Assets.xcassets; sourceTree = "<group>"; };
		844082A52BC5841400E222DE /* Preview Assets.xcassets */ = {isa = PBXFileReference; lastKnownFileType = folder.assetcatalog; path = "Preview Assets.xcassets"; sourceTree = "<group>"; };
		844082B32BC5888F00E222DE /* GoogleService-Info.plist */ = {isa = PBXFileReference; fileEncoding = 4; lastKnownFileType = text.plist.xml; path = "GoogleService-Info.plist"; sourceTree = "<group>"; };
		844082B82BC58AD800E222DE /* Post.swift */ = {isa = PBXFileReference; lastKnownFileType = sourcecode.swift; path = Post.swift; sourceTree = "<group>"; };
		844082BA2BC58C7100E222DE /* PostsList.swift */ = {isa = PBXFileReference; lastKnownFileType = sourcecode.swift; path = PostsList.swift; sourceTree = "<group>"; };
		844082BC2BC58E2B00E222DE /* PostRow.swift */ = {isa = PBXFileReference; lastKnownFileType = sourcecode.swift; path = PostRow.swift; sourceTree = "<group>"; };
		846E97EB2BC835AA0056413A /* Alert+Error.swift */ = {isa = PBXFileReference; lastKnownFileType = sourcecode.swift; path = "Alert+Error.swift"; sourceTree = "<group>"; };
		846E97ED2BC8440B0056413A /* PostRowViewModel.swift */ = {isa = PBXFileReference; lastKnownFileType = sourcecode.swift; path = PostRowViewModel.swift; sourceTree = "<group>"; };
		846E97EF2BC855950056413A /* MainTabView.swift */ = {isa = PBXFileReference; lastKnownFileType = sourcecode.swift; path = MainTabView.swift; sourceTree = "<group>"; };
		84988EB72BCBCE4B00C003D6 /* AuthService.swift */ = {isa = PBXFileReference; lastKnownFileType = sourcecode.swift; path = AuthService.swift; sourceTree = "<group>"; };
		84988EB92BCBD1D900C003D6 /* AuthViewModel.swift */ = {isa = PBXFileReference; lastKnownFileType = sourcecode.swift; path = AuthViewModel.swift; sourceTree = "<group>"; };
		84988EBB2BCBD4F500C003D6 /* AuthView.swift */ = {isa = PBXFileReference; lastKnownFileType = sourcecode.swift; path = AuthView.swift; sourceTree = "<group>"; };
		84988EBD2BCBDF1800C003D6 /* ProfileView.swift */ = {isa = PBXFileReference; lastKnownFileType = sourcecode.swift; path = ProfileView.swift; sourceTree = "<group>"; };
		84988EBF2BCBE58700C003D6 /* FormViewModel.swift */ = {isa = PBXFileReference; lastKnownFileType = sourcecode.swift; path = FormViewModel.swift; sourceTree = "<group>"; };
		84988EC72BCC1DB500C003D6 /* PrimaryButtonStyle.swift */ = {isa = PBXFileReference; lastKnownFileType = sourcecode.swift; path = PrimaryButtonStyle.swift; sourceTree = "<group>"; };
		84DD5D8D2BC6912B000A0669 /* NewPostForm.swift */ = {isa = PBXFileReference; lastKnownFileType = sourcecode.swift; path = NewPostForm.swift; sourceTree = "<group>"; };
		84DD5D902BC6ACCB000A0669 /* PostsViewModel.swift */ = {isa = PBXFileReference; lastKnownFileType = sourcecode.swift; path = PostsViewModel.swift; sourceTree = "<group>"; };
		84DD5D932BC6B41A000A0669 /* PostsRepository.swift */ = {isa = PBXFileReference; lastKnownFileType = sourcecode.swift; path = PostsRepository.swift; sourceTree = "<group>"; };
		84DD5D962BC6D34B000A0669 /* Loadable.swift */ = {isa = PBXFileReference; lastKnownFileType = sourcecode.swift; path = Loadable.swift; sourceTree = "<group>"; };
		84DD5D992BC6DB7C000A0669 /* EmptyListView.swift */ = {isa = PBXFileReference; lastKnownFileType = sourcecode.swift; path = EmptyListView.swift; sourceTree = "<group>"; };
/* End PBXFileReference section */

/* Begin PBXFrameworksBuildPhase section */
		844082982BC5841300E222DE /* Frameworks */ = {
			isa = PBXFrameworksBuildPhase;
			buildActionMask = 2147483647;
			files = (
				844082AE2BC5862100E222DE /* FirebaseAnalytics in Frameworks */,
				844082B02BC5862100E222DE /* FirebaseFirestore in Frameworks */,
				844082B22BC5862100E222DE /* FirebaseFirestoreSwift in Frameworks */,
				84988EB52BCBCC8400C003D6 /* FirebaseAuth in Frameworks */,
			);
			runOnlyForDeploymentPostprocessing = 0;
		};
/* End PBXFrameworksBuildPhase section */

/* Begin PBXGroup section */
		844082922BC5841300E222DE = {
			isa = PBXGroup;
			children = (
				8440829D2BC5841300E222DE /* Socialcademy */,
				8440829C2BC5841300E222DE /* Products */,
				84988EB32BCBCC8400C003D6 /* Frameworks */,
			);
			sourceTree = "<group>";
		};
		8440829C2BC5841300E222DE /* Products */ = {
			isa = PBXGroup;
			children = (
				8440829B2BC5841300E222DE /* Socialcademy.app */,
			);
			name = Products;
			sourceTree = "<group>";
		};
		8440829D2BC5841300E222DE /* Socialcademy */ = {
			isa = PBXGroup;
			children = (
				8440829E2BC5841300E222DE /* SocialcademyApp.swift */,
				84988EB62BCBCDB900C003D6 /* Services */,
				84DD5D952BC6D32A000A0669 /* Utilities */,
				84DD5D922BC6B3DC000A0669 /* Repositories */,
				844082B72BC58AB100E222DE /* Models */,
				844082B52BC589A300E222DE /* Views */,
				84DD5D982BC6DB4A000A0669 /* SupportingViews */,
				84DD5D8F2BC6AC78000A0669 /* ViewModels */,
				844082B62BC589D600E222DE /* Resources */,
			);
			path = Socialcademy;
			sourceTree = "<group>";
		};
		844082A42BC5841400E222DE /* Preview Content */ = {
			isa = PBXGroup;
			children = (
				844082A52BC5841400E222DE /* Preview Assets.xcassets */,
			);
			path = "Preview Content";
			sourceTree = "<group>";
		};
		844082B52BC589A300E222DE /* Views */ = {
			isa = PBXGroup;
			children = (
				844082BA2BC58C7100E222DE /* PostsList.swift */,
				844082BC2BC58E2B00E222DE /* PostRow.swift */,
				84DD5D8D2BC6912B000A0669 /* NewPostForm.swift */,
				846E97EF2BC855950056413A /* MainTabView.swift */,
				84988EBB2BCBD4F500C003D6 /* AuthView.swift */,
				84988EBD2BCBDF1800C003D6 /* ProfileView.swift */,
			);
			path = Views;
			sourceTree = "<group>";
		};
		844082B62BC589D600E222DE /* Resources */ = {
			isa = PBXGroup;
			children = (
				844082A22BC5841400E222DE /* Assets.xcassets */,
				844082B32BC5888F00E222DE /* GoogleService-Info.plist */,
				844082A42BC5841400E222DE /* Preview Content */,
			);
			path = Resources;
			sourceTree = "<group>";
		};
		844082B72BC58AB100E222DE /* Models */ = {
			isa = PBXGroup;
			children = (
				844082B82BC58AD800E222DE /* Post.swift */,
			);
			path = Models;
			sourceTree = "<group>";
		};
		84988EB32BCBCC8400C003D6 /* Frameworks */ = {
			isa = PBXGroup;
			children = (
			);
			name = Frameworks;
			sourceTree = "<group>";
		};
		84988EB62BCBCDB900C003D6 /* Services */ = {
			isa = PBXGroup;
			children = (
				84988EB72BCBCE4B00C003D6 /* AuthService.swift */,
			);
			path = Services;
			sourceTree = "<group>";
		};
		84DD5D8F2BC6AC78000A0669 /* ViewModels */ = {
			isa = PBXGroup;
			children = (
				84DD5D902BC6ACCB000A0669 /* PostsViewModel.swift */,
				846E97ED2BC8440B0056413A /* PostRowViewModel.swift */,
				84988EB92BCBD1D900C003D6 /* AuthViewModel.swift */,
				84988EBF2BCBE58700C003D6 /* FormViewModel.swift */,
			);
			path = ViewModels;
			sourceTree = "<group>";
		};
		84DD5D922BC6B3DC000A0669 /* Repositories */ = {
			isa = PBXGroup;
			children = (
				84DD5D932BC6B41A000A0669 /* PostsRepository.swift */,
			);
			path = Repositories;
			sourceTree = "<group>";
		};
		84DD5D952BC6D32A000A0669 /* Utilities */ = {
			isa = PBXGroup;
			children = (
				84DD5D962BC6D34B000A0669 /* Loadable.swift */,
			);
			path = Utilities;
			sourceTree = "<group>";
		};
		84DD5D982BC6DB4A000A0669 /* SupportingViews */ = {
			isa = PBXGroup;
			children = (
				84DD5D992BC6DB7C000A0669 /* EmptyListView.swift */,
				846E97EB2BC835AA0056413A /* Alert+Error.swift */,
				84988EC72BCC1DB500C003D6 /* PrimaryButtonStyle.swift */,
			);
			path = SupportingViews;
			sourceTree = "<group>";
		};
/* End PBXGroup section */

/* Begin PBXNativeTarget section */
		8440829A2BC5841300E222DE /* Socialcademy */ = {
			isa = PBXNativeTarget;
			buildConfigurationList = 844082A92BC5841400E222DE /* Build configuration list for PBXNativeTarget "Socialcademy" */;
			buildPhases = (
				844082972BC5841300E222DE /* Sources */,
				844082982BC5841300E222DE /* Frameworks */,
				844082992BC5841300E222DE /* Resources */,
			);
			buildRules = (
			);
			dependencies = (
			);
			name = Socialcademy;
			packageProductDependencies = (
				844082AD2BC5862100E222DE /* FirebaseAnalytics */,
				844082AF2BC5862100E222DE /* FirebaseFirestore */,
				844082B12BC5862100E222DE /* FirebaseFirestoreSwift */,
				84988EB42BCBCC8400C003D6 /* FirebaseAuth */,
			);
			productName = Socialcademy;
			productReference = 8440829B2BC5841300E222DE /* Socialcademy.app */;
			productType = "com.apple.product-type.application";
		};
/* End PBXNativeTarget section */

/* Begin PBXProject section */
		844082932BC5841300E222DE /* Project object */ = {
			isa = PBXProject;
			attributes = {
				BuildIndependentTargetsInParallel = 1;
				LastSwiftUpdateCheck = 1530;
				LastUpgradeCheck = 1530;
				TargetAttributes = {
					8440829A2BC5841300E222DE = {
						CreatedOnToolsVersion = 15.3;
					};
				};
			};
			buildConfigurationList = 844082962BC5841300E222DE /* Build configuration list for PBXProject "Socialcademy" */;
			compatibilityVersion = "Xcode 14.0";
			developmentRegion = en;
			hasScannedForEncodings = 0;
			knownRegions = (
				en,
				Base,
			);
			mainGroup = 844082922BC5841300E222DE;
			packageReferences = (
				844082AC2BC5862100E222DE /* XCRemoteSwiftPackageReference "firebase-ios-sdk" */,
			);
			productRefGroup = 8440829C2BC5841300E222DE /* Products */;
			projectDirPath = "";
			projectRoot = "";
			targets = (
				8440829A2BC5841300E222DE /* Socialcademy */,
			);
		};
/* End PBXProject section */

/* Begin PBXResourcesBuildPhase section */
		844082992BC5841300E222DE /* Resources */ = {
			isa = PBXResourcesBuildPhase;
			buildActionMask = 2147483647;
			files = (
				844082A62BC5841400E222DE /* Preview Assets.xcassets in Resources */,
				844082A32BC5841400E222DE /* Assets.xcassets in Resources */,
				844082B42BC5888F00E222DE /* GoogleService-Info.plist in Resources */,
			);
			runOnlyForDeploymentPostprocessing = 0;
		};
/* End PBXResourcesBuildPhase section */

/* Begin PBXSourcesBuildPhase section */
		844082972BC5841300E222DE /* Sources */ = {
			isa = PBXSourcesBuildPhase;
			buildActionMask = 2147483647;
			files = (
				84988EC82BCC1DB500C003D6 /* PrimaryButtonStyle.swift in Sources */,
				846E97EE2BC8440B0056413A /* PostRowViewModel.swift in Sources */,
				844082B92BC58AD800E222DE /* Post.swift in Sources */,
				8440829F2BC5841300E222DE /* SocialcademyApp.swift in Sources */,
				84DD5D942BC6B41A000A0669 /* PostsRepository.swift in Sources */,
				84DD5D912BC6ACCB000A0669 /* PostsViewModel.swift in Sources */,
				844082BD2BC58E2B00E222DE /* PostRow.swift in Sources */,
				84988EB82BCBCE4B00C003D6 /* AuthService.swift in Sources */,
				84DD5D972BC6D34B000A0669 /* Loadable.swift in Sources */,
				84988EBE2BCBDF1800C003D6 /* ProfileView.swift in Sources */,
				844082BB2BC58C7100E222DE /* PostsList.swift in Sources */,
				846E97EC2BC835AA0056413A /* Alert+Error.swift in Sources */,
				84988EBA2BCBD1D900C003D6 /* AuthViewModel.swift in Sources */,
				84988EBC2BCBD4F500C003D6 /* AuthView.swift in Sources */,
				84DD5D8E2BC6912B000A0669 /* NewPostForm.swift in Sources */,
				84988EC02BCBE58700C003D6 /* FormViewModel.swift in Sources */,
				84DD5D9A2BC6DB7C000A0669 /* EmptyListView.swift in Sources */,
				846E97F02BC855950056413A /* MainTabView.swift in Sources */,
			);
			runOnlyForDeploymentPostprocessing = 0;
		};
/* End PBXSourcesBuildPhase section */

/* Begin XCBuildConfiguration section */
		844082A72BC5841400E222DE /* Debug */ = {
			isa = XCBuildConfiguration;
			buildSettings = {
				ALWAYS_SEARCH_USER_PATHS = NO;
				ASSETCATALOG_COMPILER_GENERATE_SWIFT_ASSET_SYMBOL_EXTENSIONS = YES;
				CLANG_ANALYZER_NONNULL = YES;
				CLANG_ANALYZER_NUMBER_OBJECT_CONVERSION = YES_AGGRESSIVE;
				CLANG_CXX_LANGUAGE_STANDARD = "gnu++20";
				CLANG_ENABLE_MODULES = YES;
				CLANG_ENABLE_OBJC_ARC = YES;
				CLANG_ENABLE_OBJC_WEAK = YES;
				CLANG_WARN_BLOCK_CAPTURE_AUTORELEASING = YES;
				CLANG_WARN_BOOL_CONVERSION = YES;
				CLANG_WARN_COMMA = YES;
				CLANG_WARN_CONSTANT_CONVERSION = YES;
				CLANG_WARN_DEPRECATED_OBJC_IMPLEMENTATIONS = YES;
				CLANG_WARN_DIRECT_OBJC_ISA_USAGE = YES_ERROR;
				CLANG_WARN_DOCUMENTATION_COMMENTS = YES;
				CLANG_WARN_EMPTY_BODY = YES;
				CLANG_WARN_ENUM_CONVERSION = YES;
				CLANG_WARN_INFINITE_RECURSION = YES;
				CLANG_WARN_INT_CONVERSION = YES;
				CLANG_WARN_NON_LITERAL_NULL_CONVERSION = YES;
				CLANG_WARN_OBJC_IMPLICIT_RETAIN_SELF = YES;
				CLANG_WARN_OBJC_LITERAL_CONVERSION = YES;
				CLANG_WARN_OBJC_ROOT_CLASS = YES_ERROR;
				CLANG_WARN_QUOTED_INCLUDE_IN_FRAMEWORK_HEADER = YES;
				CLANG_WARN_RANGE_LOOP_ANALYSIS = YES;
				CLANG_WARN_STRICT_PROTOTYPES = YES;
				CLANG_WARN_SUSPICIOUS_MOVE = YES;
				CLANG_WARN_UNGUARDED_AVAILABILITY = YES_AGGRESSIVE;
				CLANG_WARN_UNREACHABLE_CODE = YES;
				CLANG_WARN__DUPLICATE_METHOD_MATCH = YES;
				COPY_PHASE_STRIP = NO;
				DEBUG_INFORMATION_FORMAT = dwarf;
				ENABLE_STRICT_OBJC_MSGSEND = YES;
				ENABLE_TESTABILITY = YES;
				ENABLE_USER_SCRIPT_SANDBOXING = YES;
				GCC_C_LANGUAGE_STANDARD = gnu17;
				GCC_DYNAMIC_NO_PIC = NO;
				GCC_NO_COMMON_BLOCKS = YES;
				GCC_OPTIMIZATION_LEVEL = 0;
				GCC_PREPROCESSOR_DEFINITIONS = (
					"DEBUG=1",
					"$(inherited)",
				);
				GCC_WARN_64_TO_32_BIT_CONVERSION = YES;
				GCC_WARN_ABOUT_RETURN_TYPE = YES_ERROR;
				GCC_WARN_UNDECLARED_SELECTOR = YES;
				GCC_WARN_UNINITIALIZED_AUTOS = YES_AGGRESSIVE;
				GCC_WARN_UNUSED_FUNCTION = YES;
				GCC_WARN_UNUSED_VARIABLE = YES;
				IPHONEOS_DEPLOYMENT_TARGET = 17.4;
				LOCALIZATION_PREFERS_STRING_CATALOGS = YES;
				MTL_ENABLE_DEBUG_INFO = INCLUDE_SOURCE;
				MTL_FAST_MATH = YES;
				ONLY_ACTIVE_ARCH = YES;
				SDKROOT = iphoneos;
				SWIFT_ACTIVE_COMPILATION_CONDITIONS = "DEBUG $(inherited)";
				SWIFT_OPTIMIZATION_LEVEL = "-Onone";
			};
			name = Debug;
		};
		844082A82BC5841400E222DE /* Release */ = {
			isa = XCBuildConfiguration;
			buildSettings = {
				ALWAYS_SEARCH_USER_PATHS = NO;
				ASSETCATALOG_COMPILER_GENERATE_SWIFT_ASSET_SYMBOL_EXTENSIONS = YES;
				CLANG_ANALYZER_NONNULL = YES;
				CLANG_ANALYZER_NUMBER_OBJECT_CONVERSION = YES_AGGRESSIVE;
				CLANG_CXX_LANGUAGE_STANDARD = "gnu++20";
				CLANG_ENABLE_MODULES = YES;
				CLANG_ENABLE_OBJC_ARC = YES;
				CLANG_ENABLE_OBJC_WEAK = YES;
				CLANG_WARN_BLOCK_CAPTURE_AUTORELEASING = YES;
				CLANG_WARN_BOOL_CONVERSION = YES;
				CLANG_WARN_COMMA = YES;
				CLANG_WARN_CONSTANT_CONVERSION = YES;
				CLANG_WARN_DEPRECATED_OBJC_IMPLEMENTATIONS = YES;
				CLANG_WARN_DIRECT_OBJC_ISA_USAGE = YES_ERROR;
				CLANG_WARN_DOCUMENTATION_COMMENTS = YES;
				CLANG_WARN_EMPTY_BODY = YES;
				CLANG_WARN_ENUM_CONVERSION = YES;
				CLANG_WARN_INFINITE_RECURSION = YES;
				CLANG_WARN_INT_CONVERSION = YES;
				CLANG_WARN_NON_LITERAL_NULL_CONVERSION = YES;
				CLANG_WARN_OBJC_IMPLICIT_RETAIN_SELF = YES;
				CLANG_WARN_OBJC_LITERAL_CONVERSION = YES;
				CLANG_WARN_OBJC_ROOT_CLASS = YES_ERROR;
				CLANG_WARN_QUOTED_INCLUDE_IN_FRAMEWORK_HEADER = YES;
				CLANG_WARN_RANGE_LOOP_ANALYSIS = YES;
				CLANG_WARN_STRICT_PROTOTYPES = YES;
				CLANG_WARN_SUSPICIOUS_MOVE = YES;
				CLANG_WARN_UNGUARDED_AVAILABILITY = YES_AGGRESSIVE;
				CLANG_WARN_UNREACHABLE_CODE = YES;
				CLANG_WARN__DUPLICATE_METHOD_MATCH = YES;
				COPY_PHASE_STRIP = NO;
				DEBUG_INFORMATION_FORMAT = "dwarf-with-dsym";
				ENABLE_NS_ASSERTIONS = NO;
				ENABLE_STRICT_OBJC_MSGSEND = YES;
				ENABLE_USER_SCRIPT_SANDBOXING = YES;
				GCC_C_LANGUAGE_STANDARD = gnu17;
				GCC_NO_COMMON_BLOCKS = YES;
				GCC_WARN_64_TO_32_BIT_CONVERSION = YES;
				GCC_WARN_ABOUT_RETURN_TYPE = YES_ERROR;
				GCC_WARN_UNDECLARED_SELECTOR = YES;
				GCC_WARN_UNINITIALIZED_AUTOS = YES_AGGRESSIVE;
				GCC_WARN_UNUSED_FUNCTION = YES;
				GCC_WARN_UNUSED_VARIABLE = YES;
				IPHONEOS_DEPLOYMENT_TARGET = 17.4;
				LOCALIZATION_PREFERS_STRING_CATALOGS = YES;
				MTL_ENABLE_DEBUG_INFO = NO;
				MTL_FAST_MATH = YES;
				SDKROOT = iphoneos;
				SWIFT_COMPILATION_MODE = wholemodule;
				VALIDATE_PRODUCT = YES;
			};
			name = Release;
		};
		844082AA2BC5841400E222DE /* Debug */ = {
			isa = XCBuildConfiguration;
			buildSettings = {
				ASSETCATALOG_COMPILER_APPICON_NAME = AppIcon;
				ASSETCATALOG_COMPILER_GLOBAL_ACCENT_COLOR_NAME = AccentColor;
				CODE_SIGN_STYLE = Automatic;
				CURRENT_PROJECT_VERSION = 1;
				DEVELOPMENT_ASSET_PATHS = "Socialcademy/Resources/Preview\\ Content";
				DEVELOPMENT_TEAM = QB9WG2GGL2;
				ENABLE_PREVIEWS = YES;
				GENERATE_INFOPLIST_FILE = YES;
				INFOPLIST_KEY_UIApplicationSceneManifest_Generation = YES;
				INFOPLIST_KEY_UIApplicationSupportsIndirectInputEvents = YES;
				INFOPLIST_KEY_UILaunchScreen_Generation = YES;
				INFOPLIST_KEY_UIStatusBarStyle = "";
				INFOPLIST_KEY_UISupportedInterfaceOrientations = "UIInterfaceOrientationLandscapeLeft UIInterfaceOrientationLandscapeRight UIInterfaceOrientationPortrait";
				INFOPLIST_KEY_UISupportedInterfaceOrientations_iPad = "UIInterfaceOrientationLandscapeLeft UIInterfaceOrientationLandscapeRight UIInterfaceOrientationPortrait UIInterfaceOrientationPortraitUpsideDown";
				LD_RUNPATH_SEARCH_PATHS = (
					"$(inherited)",
					"@executable_path/Frameworks",
				);
				MARKETING_VERSION = 1.0;
				PRODUCT_BUNDLE_IDENTIFIER = com.akiptsevich.Socialcademy;
				PRODUCT_NAME = "$(TARGET_NAME)";
				SWIFT_EMIT_LOC_STRINGS = YES;
				SWIFT_VERSION = 5.0;
				TARGETED_DEVICE_FAMILY = "1,2";
			};
			name = Debug;
		};
		844082AB2BC5841400E222DE /* Release */ = {
			isa = XCBuildConfiguration;
			buildSettings = {
				ASSETCATALOG_COMPILER_APPICON_NAME = AppIcon;
				ASSETCATALOG_COMPILER_GLOBAL_ACCENT_COLOR_NAME = AccentColor;
				CODE_SIGN_STYLE = Automatic;
				CURRENT_PROJECT_VERSION = 1;
				DEVELOPMENT_ASSET_PATHS = "Socialcademy/Resources/Preview\\ Content";
				DEVELOPMENT_TEAM = QB9WG2GGL2;
				ENABLE_PREVIEWS = YES;
				GENERATE_INFOPLIST_FILE = YES;
				INFOPLIST_KEY_UIApplicationSceneManifest_Generation = YES;
				INFOPLIST_KEY_UIApplicationSupportsIndirectInputEvents = YES;
				INFOPLIST_KEY_UILaunchScreen_Generation = YES;
				INFOPLIST_KEY_UIStatusBarStyle = "";
				INFOPLIST_KEY_UISupportedInterfaceOrientations = "UIInterfaceOrientationLandscapeLeft UIInterfaceOrientationLandscapeRight UIInterfaceOrientationPortrait";
				INFOPLIST_KEY_UISupportedInterfaceOrientations_iPad = "UIInterfaceOrientationLandscapeLeft UIInterfaceOrientationLandscapeRight UIInterfaceOrientationPortrait UIInterfaceOrientationPortraitUpsideDown";
				LD_RUNPATH_SEARCH_PATHS = (
					"$(inherited)",
					"@executable_path/Frameworks",
				);
				MARKETING_VERSION = 1.0;
				PRODUCT_BUNDLE_IDENTIFIER = com.akiptsevich.Socialcademy;
				PRODUCT_NAME = "$(TARGET_NAME)";
				SWIFT_EMIT_LOC_STRINGS = YES;
				SWIFT_VERSION = 5.0;
				TARGETED_DEVICE_FAMILY = "1,2";
			};
			name = Release;
		};
/* End XCBuildConfiguration section */

/* Begin XCConfigurationList section */
		844082962BC5841300E222DE /* Build configuration list for PBXProject "Socialcademy" */ = {
			isa = XCConfigurationList;
			buildConfigurations = (
				844082A72BC5841400E222DE /* Debug */,
				844082A82BC5841400E222DE /* Release */,
			);
			defaultConfigurationIsVisible = 0;
			defaultConfigurationName = Release;
		};
		844082A92BC5841400E222DE /* Build configuration list for PBXNativeTarget "Socialcademy" */ = {
			isa = XCConfigurationList;
			buildConfigurations = (
				844082AA2BC5841400E222DE /* Debug */,
				844082AB2BC5841400E222DE /* Release */,
			);
			defaultConfigurationIsVisible = 0;
			defaultConfigurationName = Release;
		};
/* End XCConfigurationList section */

/* Begin XCRemoteSwiftPackageReference section */
		844082AC2BC5862100E222DE /* XCRemoteSwiftPackageReference "firebase-ios-sdk" */ = {
			isa = XCRemoteSwiftPackageReference;
			repositoryURL = "https://github.com/firebase/firebase-ios-sdk.git";
			requirement = {
				kind = upToNextMajorVersion;
				minimumVersion = 10.23.1;
			};
		};
/* End XCRemoteSwiftPackageReference section */

/* Begin XCSwiftPackageProductDependency section */
		844082AD2BC5862100E222DE /* FirebaseAnalytics */ = {
			isa = XCSwiftPackageProductDependency;
			package = 844082AC2BC5862100E222DE /* XCRemoteSwiftPackageReference "firebase-ios-sdk" */;
			productName = FirebaseAnalytics;
		};
		844082AF2BC5862100E222DE /* FirebaseFirestore */ = {
			isa = XCSwiftPackageProductDependency;
			package = 844082AC2BC5862100E222DE /* XCRemoteSwiftPackageReference "firebase-ios-sdk" */;
			productName = FirebaseFirestore;
		};
		844082B12BC5862100E222DE /* FirebaseFirestoreSwift */ = {
			isa = XCSwiftPackageProductDependency;
			package = 844082AC2BC5862100E222DE /* XCRemoteSwiftPackageReference "firebase-ios-sdk" */;
			productName = FirebaseFirestoreSwift;
		};
		84988EB42BCBCC8400C003D6 /* FirebaseAuth */ = {
			isa = XCSwiftPackageProductDependency;
			package = 844082AC2BC5862100E222DE /* XCRemoteSwiftPackageReference "firebase-ios-sdk" */;
			productName = FirebaseAuth;
		};
/* End XCSwiftPackageProductDependency section */
	};
	rootObject = 844082932BC5841300E222DE /* Project object */;
}
